<?xml version="1.0" encoding="utf-8"?>
<Project ToolsVersion="4.0" xmlns="http://schemas.microsoft.com/developer/msbuild/2003">
  <ItemGroup>
    <Filter Include="Source Files">
      <UniqueIdentifier>{fedc2352-6b2e-43fb-998b-3681d8284401}</UniqueIdentifier>
      <Extensions>cpp;c;cxx;rc;def;r;odl;idl;hpj;bat</Extensions>
    </Filter>
    <Filter Include="Header Files">
      <UniqueIdentifier>{dd88f52b-2cd7-4311-8046-4ec2a6ee3cf0}</UniqueIdentifier>
      <Extensions>h;hpp;hxx;hm;inl</Extensions>
    </Filter>
    <Filter Include="Resource Files">
      <UniqueIdentifier>{8a10c3c4-d973-4822-9122-bc09b55d4209}</UniqueIdentifier>
      <Extensions>ico;cur;bmp;dlg;rc2;rct;bin;rgs;gif;jpg;jpeg;jpe</Extensions>
    </Filter>
  </ItemGroup>
  <ItemGroup>
    <ClCompile Include="AMErrorText.cpp">
      <Filter>Source Files</Filter>
    </ClCompile>
    <ClCompile Include="AudioCompressionPage.cpp">
      <Filter>Source Files</Filter>
    </ClCompile>
    <ClCompile Include="FilterConfigurator.cpp">
      <Filter>Source Files</Filter>
    </ClCompile>
    <ClCompile Include="GMFConvert.cpp">
      <Filter>Source Files</Filter>
    </ClCompile>
    <ClCompile Include="GMFConvertDoc.cpp">
      <Filter>Source Files</Filter>
    </ClCompile>
    <ClCompile Include="GMFConvertItem.cpp">
      <Filter>Source Files</Filter>
    </ClCompile>
    <ClCompile Include="GMFConvertView.cpp">
      <Filter>Source Files</Filter>
    </ClCompile>
    <ClCompile Include="GUIDMap.cpp">
      <Filter>Source Files</Filter>
    </ClCompile>
    <ClCompile Include="MainFrm.cpp">
      <Filter>Source Files</Filter>
    </ClCompile>
    <ClCompile Include="OptionsDlg.cpp">
      <Filter>Source Files</Filter>
    </ClCompile>
    <ClCompile Include="OutputFilePathPage.cpp">
      <Filter>Source Files</Filter>
    </ClCompile>
    <ClCompile Include="StdAfx.cpp">
      <Filter>Source Files</Filter>
    </ClCompile>
    <ClCompile Include="VideoCompressionPage.cpp">
      <Filter>Source Files</Filter>
    </ClCompile>
  </ItemGroup>
  <ItemGroup>
    <ResourceCompile Include="GMFConvert.rc">
      <Filter>Source Files</Filter>
    </ResourceCompile>
  </ItemGroup>
  <ItemGroup>
    <ClInclude Include="AMErrorText.h">
      <Filter>Header Files</Filter>
    </ClInclude>
    <ClInclude Include="AudioCompressionPage.h">
      <Filter>Header Files</Filter>
    </ClInclude>
    <ClInclude Include="FilterConfigurator.h">
      <Filter>Header Files</Filter>
    </ClInclude>
    <ClInclude Include="GMFConvert.h">
      <Filter>Header Files</Filter>
    </ClInclude>
    <ClInclude Include="GMFConvertDoc.h">
      <Filter>Header Files</Filter>
    </ClInclude>
    <ClInclude Include="GMFConvertItem.h">
      <Filter>Header Files</Filter>
    </ClInclude>
    <ClInclude Include="GMFConvertView.h">
      <Filter>Header Files</Filter>
    </ClInclude>
    <ClInclude Include="GUIDMap.h">
      <Filter>Header Files</Filter>
    </ClInclude>
    <ClInclude Include="MainFrm.h">
      <Filter>Header Files</Filter>
    </ClInclude>
    <ClInclude Include="OptionsDlg.h">
      <Filter>Header Files</Filter>
    </ClInclude>
    <ClInclude Include="OutputFilePathPage.h">
      <Filter>Header Files</Filter>
    </ClInclude>
    <ClInclude Include="Resource.h">
      <Filter>Header Files</Filter>
    </ClInclude>
    <ClInclude Include="StdAfx.h">
      <Filter>Header Files</Filter>
    </ClInclude>
    <ClInclude Include="VideoCompressionPage.h">
      <Filter>Header Files</Filter>
    </ClInclude>
  </ItemGroup>
  <ItemGroup>
    <Image Include="res\bitmap1.bmp">
      <Filter>Resource Files</Filter>
    </Image>
    <Image Include="res\DISK04.ICO">
      <Filter>Resource Files</Filter>
    </Image>
    <Image Include="res\filename.bmp">
      <Filter>Resource Files</Filter>
    </Image>
    <Image Include="res\folder.bmp">
      <Filter>Resource Files</Filter>
    </Image>
    <Image Include="res\GMFConvert.ico">
      <Filter>Resource Files</Filter>
    </Image>
    <Image Include="res\GMFConvertDoc.ico">
      <Filter>Resource Files</Filter>
    </Image>
    <Image Include="res\headersort_small.bmp">
      <Filter>Resource Files</Filter>
    </Image>
    <Image Include="res\OPENFOLD.ICO">
      <Filter>Resource Files</Filter>
    </Image>
    <Image Include="res\status.bmp">
      <Filter>Resource Files</Filter>
    </Image>
    <Image Include="res\status1.bmp">
      <Filter>Resource Files</Filter>
    </Image>
    <Image Include="res\status_s.bmp">
      <Filter>Resource Files</Filter>
    </Image>
    <Image Include="res\status_small.bmp">
      <Filter>Resource Files</Filter>
    </Image>
    <Image Include="res\Toolbar.bmp">
      <Filter>Resource Files</Filter>
    </Image>
  </ItemGroup>
  <ItemGroup>
    <Text Include="ReadMe.txt" />
  </ItemGroup>
  <ItemGroup>
    <CustomBuild Include="res\GMFConvert.rc2">
      <Filter>Resource Files</Filter>
    </CustomBuild>
  </ItemGroup>
</Project>